// !$*UTF8*$!
{
	archiveVersion = 1;
	classes = {
	};
	objectVersion = 46;
	objects = {

/* Begin PBXBuildFile section */
		EB247C911CECDCCE005BC777 /* AppDelegate.swift in Sources */ = {isa = PBXBuildFile; fileRef = EB247C901CECDCCE005BC777 /* AppDelegate.swift */; };
		EB247C931CECDCCF005BC777 /* ViewController.swift in Sources */ = {isa = PBXBuildFile; fileRef = EB247C921CECDCCF005BC777 /* ViewController.swift */; };
		EB247C961CECDCCF005BC777 /* Main.storyboard in Resources */ = {isa = PBXBuildFile; fileRef = EB247C941CECDCCF005BC777 /* Main.storyboard */; };
		EB247C981CECDCCF005BC777 /* Assets.xcassets in Resources */ = {isa = PBXBuildFile; fileRef = EB247C971CECDCCF005BC777 /* Assets.xcassets */; };
		EB247C9B1CECDCCF005BC777 /* LaunchScreen.storyboard in Resources */ = {isa = PBXBuildFile; fileRef = EB247C991CECDCCF005BC777 /* LaunchScreen.storyboard */; };
		EB247CA31CECDD00005BC777 /* dog.jpg in Resources */ = {isa = PBXBuildFile; fileRef = EB247CA21CECDD00005BC777 /* dog.jpg */; };
/* End PBXBuildFile section */

/* Begin PBXFileReference section */
		EB247C8D1CECDCCE005BC777 /* SNS.app */ = {isa = PBXFileReference; explicitFileType = wrapper.application; includeInIndex = 0; path = SNS.app; sourceTree = BUILT_PRODUCTS_DIR; };
		EB247C901CECDCCE005BC777 /* AppDelegate.swift */ = {isa = PBXFileReference; lastKnownFileType = sourcecode.swift; path = AppDelegate.swift; sourceTree = "<group>"; };
		EB247C921CECDCCF005BC777 /* ViewController.swift */ = {isa = PBXFileReference; lastKnownFileType = sourcecode.swift; path = ViewController.swift; sourceTree = "<group>"; };
		EB247C951CECDCCF005BC777 /* Base */ = {isa = PBXFileReference; lastKnownFileType = file.storyboard; name = Base; path = Base.lproj/Main.storyboard; sourceTree = "<group>"; };
		EB247C971CECDCCF005BC777 /* Assets.xcassets */ = {isa = PBXFileReference; lastKnownFileType = folder.assetcatalog; path = Assets.xcassets; sourceTree = "<group>"; };
		EB247C9A1CECDCCF005BC777 /* Base */ = {isa = PBXFileReference; lastKnownFileType = file.storyboard; name = Base; path = Base.lproj/LaunchScreen.storyboard; sourceTree = "<group>"; };
		EB247C9C1CECDCCF005BC777 /* Info.plist */ = {isa = PBXFileReference; lastKnownFileType = text.plist.xml; path = Info.plist; sourceTree = "<group>"; };
		EB247CA21CECDD00005BC777 /* dog.jpg */ = {isa = PBXFileReference; lastKnownFileType = image.jpeg; path = dog.jpg; sourceTree = "<group>"; };
/* End PBXFileReference section */

/* Begin PBXFrameworksBuildPhase section */
		EB247C8A1CECDCCE005BC777 /* Frameworks */ = {
			isa = PBXFrameworksBuildPhase;
			buildActionMask = 2147483647;
			files = (
			);
			runOnlyForDeploymentPostprocessing = 0;
		};
/* End PBXFrameworksBuildPhase section */

/* Begin PBXGroup section */
		EB247C841CECDCCD005BC777 = {
			isa = PBXGroup;
			children = (
				EB247C8F1CECDCCE005BC777 /* SNS */,
				EB247C8E1CECDCCE005BC777 /* Products */,
			);
			sourceTree = "<group>";
		};
		EB247C8E1CECDCCE005BC777 /* Products */ = {
			isa = PBXGroup;
			children = (
				EB247C8D1CECDCCE005BC777 /* SNS.app */,
			);
			name = Products;
			sourceTree = "<group>";
		};
		EB247C8F1CECDCCE005BC777 /* SNS */ = {
			isa = PBXGroup;
			children = (
				EB247CA21CECDD00005BC777 /* dog.jpg */,
				EB247C901CECDCCE005BC777 /* AppDelegate.swift */,
				EB247C921CECDCCF005BC777 /* ViewController.swift */,
				EB247C941CECDCCF005BC777 /* Main.storyboard */,
				EB247C971CECDCCF005BC777 /* Assets.xcassets */,
				EB247C991CECDCCF005BC777 /* LaunchScreen.storyboard */,
				EB247C9C1CECDCCF005BC777 /* Info.plist */,
			);
			path = SNS;
			sourceTree = "<group>";
		};
/* End PBXGroup section */

/* Begin PBXNativeTarget section */
		EB247C8C1CECDCCE005BC777 /* SNS */ = {
			isa = PBXNativeTarget;
			buildConfigurationList = EB247C9F1CECDCCF005BC777 /* Build configuration list for PBXNativeTarget "SNS" */;
			buildPhases = (
				EB247C891CECDCCE005BC777 /* Sources */,
				EB247C8A1CECDCCE005BC777 /* Frameworks */,
				EB247C8B1CECDCCE005BC777 /* Resources */,
			);
			buildRules = (
			);
			dependencies = (
			);
			name = SNS;
			productName = SNS;
			productReference = EB247C8D1CECDCCE005BC777 /* SNS.app */;
			productType = "com.apple.product-type.application";
		};
/* End PBXNativeTarget section */

/* Begin PBXProject section */
		EB247C851CECDCCD005BC777 /* Project object */ = {
			isa = PBXProject;
			attributes = {
				LastSwiftUpdateCheck = 0730;
				LastUpgradeCheck = 0730;
				ORGANIZATIONNAME = mycompany;
				TargetAttributes = {
					EB247C8C1CECDCCE005BC777 = {
						CreatedOnToolsVersion = 7.3.1;
						DevelopmentTeam = Q8GX8982TK;
					};
				};
			};
			buildConfigurationList = EB247C881CECDCCD005BC777 /* Build configuration list for PBXProject "SNS" */;
			compatibilityVersion = "Xcode 3.2";
			developmentRegion = English;
			hasScannedForEncodings = 0;
			knownRegions = (
				en,
				Base,
			);
			mainGroup = EB247C841CECDCCD005BC777;
			productRefGroup = EB247C8E1CECDCCE005BC777 /* Products */;
			projectDirPath = "";
			projectRoot = "";
			targets = (
				EB247C8C1CECDCCE005BC777 /* SNS */,
			);
		};
/* End PBXProject section */

/* Begin PBXResourcesBuildPhase section */
		EB247C8B1CECDCCE005BC777 /* Resources */ = {
			isa = PBXResourcesBuildPhase;
			buildActionMask = 2147483647;
			files = (
				EB247CA31CECDD00005BC777 /* dog.jpg in Resources */,
				EB247C9B1CECDCCF005BC777 /* LaunchScreen.storyboard in Resources */,
				EB247C981CECDCCF005BC777 /* Assets.xcassets in Resources */,
				EB247C961CECDCCF005BC777 /* Main.storyboard in Resources */,
			);
			runOnlyForDeploymentPostprocessing = 0;
		};
/* End PBXResourcesBuildPhase section */

/* Begin PBXSourcesBuildPhase section */
		EB247C891CECDCCE005BC777 /* Sources */ = {
			isa = PBXSourcesBuildPhase;
			buildActionMask = 2147483647;
			files = (
				EB247C931CECDCCF005BC777 /* ViewController.swift in Sources */,
				EB247C911CECDCCE005BC777 /* AppDelegate.swift in Sources */,
			);
			runOnlyForDeploymentPostprocessing = 0;
		};
/* End PBXSourcesBuildPhase section */

/* Begin PBXVariantGroup section */
		EB247C941CECDCCF005BC777 /* Main.storyboard */ = {
			isa = PBXVariantGroup;
			children = (
				EB247C951CECDCCF005BC777 /* Base */,
			);
			name = Main.storyboard;
			sourceTree = "<group>";
		};
		EB247C991CECDCCF005BC777 /* LaunchScreen.storyboard */ = {
			isa = PBXVariantGroup;
			children = (
				EB247C9A1CECDCCF005BC777 /* Base */,
			);
			name = LaunchScreen.storyboard;
			sourceTree = "<group>";
		};
/* End PBXVariantGroup section */

/* Begin XCBuildConfiguration section */
		EB247C9D1CECDCCF005BC777 /* Debug */ = {
			isa = XCBuildConfiguration;
			buildSettings = {
				ALWAYS_SEARCH_USER_PATHS = NO;
				CLANG_ANALYZER_NONNULL = YES;
				CLANG_CXX_LANGUAGE_STANDARD = "gnu++0x";
				CLANG_CXX_LIBRARY = "libc++";
				CLANG_ENABLE_MODULES = YES;
				CLANG_ENABLE_OBJC_ARC = YES;
				CLANG_WARN_BOOL_CONVERSION = YES;
				CLANG_WARN_CONSTANT_CONVERSION = YES;
				CLANG_WARN_DIRECT_OBJC_ISA_USAGE = YES_ERROR;
				CLANG_WARN_EMPTY_BODY = YES;
				CLANG_WARN_ENUM_CONVERSION = YES;
				CLANG_WARN_INT_CONVERSION = YES;
				CLANG_WARN_OBJC_ROOT_CLASS = YES_ERROR;
				CLANG_WARN_UNREACHABLE_CODE = YES;
				CLANG_WARN__DUPLICATE_METHOD_MATCH = YES;
				"CODE_SIGN_IDENTITY[sdk=iphoneos*]" = "iPhone Developer";
				COPY_PHASE_STRIP = NO;
				DEBUG_INFORMATION_FORMAT = dwarf;
				ENABLE_STRICT_OBJC_MSGSEND = YES;
				ENABLE_TESTABILITY = YES;
				GCC_C_LANGUAGE_STANDARD = gnu99;
				GCC_DYNAMIC_NO_PIC = NO;
				GCC_NO_COMMON_BLOCKS = YES;
				GCC_OPTIMIZATION_LEVEL = 0;
				GCC_PREPROCESSOR_DEFINITIONS = (
					"DEBUG=1",
					"$(inherited)",
				);
				GCC_WARN_64_TO_32_BIT_CONVERSION = YES;
				GCC_WARN_ABOUT_RETURN_TYPE = YES_ERROR;
				GCC_WARN_UNDECLARED_SELECTOR = YES;
				GCC_WARN_UNINITIALIZED_AUTOS = YES_AGGRESSIVE;
				GCC_WARN_UNUSED_FUNCTION = YES;
				GCC_WARN_UNUSED_VARIABLE = YES;
				IPHONEOS_DEPLOYMENT_TARGET = 9.3;
				MTL_ENABLE_DEBUG_INFO = YES;
				ONLY_ACTIVE_ARCH = YES;
				SDKROOT = iphoneos;
				SWIFT_OPTIMIZATION_LEVEL = "-Onone";
				TARGETED_DEVICE_FAMILY = "1,2";
			};
			name = Debug;
		};
		EB247C9E1CECDCCF005BC777 /* Release */ = {
			isa = XCBuildConfiguration;
			buildSettings = {
				ALWAYS_SEARCH_USER_PATHS = NO;
				CLANG_ANALYZER_NONNULL = YES;
				CLANG_CXX_LANGUAGE_STANDARD = "gnu++0x";
				CLANG_CXX_LIBRARY = "libc++";
				CLANG_ENABLE_MODULES = YES;
				CLANG_ENABLE_OBJC_ARC = YES;
				CLANG_WARN_BOOL_CONVERSION = YES;
				CLANG_WARN_CONSTANT_CONVERSION = YES;
				CLANG_WARN_DIRECT_OBJC_ISA_USAGE = YES_ERROR;
				CLANG_WARN_EMPTY_BODY = YES;
				CLANG_WARN_ENUM_CONVERSION = YES;
				CLANG_WARN_INT_CONVERSION = YES;
				CLANG_WARN_OBJC_ROOT_CLASS = YES_ERROR;
				CLANG_WARN_UNREACHABLE_CODE = YES;
				CLANG_WARN__DUPLICATE_METHOD_MATCH = YES;
				"CODE_SIGN_IDENTITY[sdk=iphoneos*]" = "iPhone Developer";
				COPY_PHASE_STRIP = NO;
				DEBUG_INFORMATION_FORMAT = "dwarf-with-dsym";
				ENABLE_NS_ASSERTIONS = NO;
				ENABLE_STRICT_OBJC_MSGSEND = YES;
				GCC_C_LANGUAGE_STANDARD = gnu99;
				GCC_NO_COMMON_BLOCKS = YES;
				GCC_WARN_64_TO_32_BIT_CONVERSION = YES;
				GCC_WARN_ABOUT_RETURN_TYPE = YES_ERROR;
				GCC_WARN_UNDECLARED_SELECTOR = YES;
				GCC_WARN_UNINITIALIZED_AUTOS = YES_AGGRESSIVE;
				GCC_WARN_UNUSED_FUNCTION = YES;
				GCC_WARN_UNUSED_VARIABLE = YES;
				IPHONEOS_DEPLOYMENT_TARGET = 9.3;
				MTL_ENABLE_DEBUG_INFO = NO;
				SDKROOT = iphoneos;
				TARGETED_DEVICE_FAMILY = "1,2";
				VALIDATE_PRODUCT = YES;
			};
			name = Release;
		};
		EB247CA01CECDCCF005BC777 /* Debug */ = {
			isa = XCBuildConfiguration;
			buildSettings = {
				ASSETCATALOG_COMPILER_APPICON_NAME = AppIcon;
				CODE_SIGN_IDENTITY = "iPhone Developer";
				"CODE_SIGN_IDENTITY[sdk=iphoneos*]" = "iPhone Developer";
				INFOPLIST_FILE = SNS/Info.plist;
				LD_RUNPATH_SEARCH_PATHS = "$(inherited) @executable_path/Frameworks";
				PRODUCT_BUNDLE_IDENTIFIER = com.aftern00n.sns;
				PRODUCT_NAME = "$(TARGET_NAME)";
				PROVISIONING_PROFILE = "";
			};
			name = Debug;
		};
		EB247CA11CECDCCF005BC777 /* Release */ = {
			isa = XCBuildConfiguration;
			buildSettings = {
				ASSETCATALOG_COMPILER_APPICON_NAME = AppIcon;
				CODE_SIGN_IDENTITY = "iPhone Developer";
				"CODE_SIGN_IDENTITY[sdk=iphoneos*]" = "iPhone Developer";
				INFOPLIST_FILE = SNS/Info.plist;
				LD_RUNPATH_SEARCH_PATHS = "$(inherited) @executable_path/Frameworks";
				PRODUCT_BUNDLE_IDENTIFIER = com.aftern00n.sns;
				PRODUCT_NAME = "$(TARGET_NAME)";
				PROVISIONING_PROFILE = "";
			};
			name = Release;
		};
/* End XCBuildConfiguration section */

/* Begin XCConfigurationList section */
		EB247C881CECDCCD005BC777 /* Build configuration list for PBXProject "SNS" */ = {
			isa = XCConfigurationList;
			buildConfigurations = (
				EB247C9D1CECDCCF005BC777 /* Debug */,
				EB247C9E1CECDCCF005BC777 /* Release */,
			);
			defaultConfigurationIsVisible = 0;
			defaultConfigurationName = Release;
		};
		EB247C9F1CECDCCF005BC777 /* Build configuration list for PBXNativeTarget "SNS" */ = {
			isa = XCConfigurationList;
			buildConfigurations = (
				EB247CA01CECDCCF005BC777 /* Debug */,
				EB247CA11CECDCCF005BC777 /* Release */,
			);
			defaultConfigurationIsVisible = 0;
			defaultConfigurationName = Release;
		};
/* End XCConfigurationList section */
	};
	rootObject = EB247C851CECDCCD005BC777 /* Project object */;
}
