// !$*UTF8*$!
{
	archiveVersion = 1;
	classes = {
	};
	objectVersion = 46;
	objects = {

/* Begin PBXBuildFile section */
		EB802F5E1CFB451D00BF82DA /* Item.swift in Sources */ = {isa = PBXBuildFile; fileRef = EB802F5D1CFB451D00BF82DA /* Item.swift */; };
		EB83E0E61CF3743100A07F51 /* AppDelegate.swift in Sources */ = {isa = PBXBuildFile; fileRef = EB83E0E51CF3743100A07F51 /* AppDelegate.swift */; };
		EB83E0EB1CF3743100A07F51 /* Main.storyboard in Resources */ = {isa = PBXBuildFile; fileRef = EB83E0E91CF3743100A07F51 /* Main.storyboard */; };
		EB83E0ED1CF3743100A07F51 /* Assets.xcassets in Resources */ = {isa = PBXBuildFile; fileRef = EB83E0EC1CF3743100A07F51 /* Assets.xcassets */; };
		EB83E0F01CF3743100A07F51 /* LaunchScreen.storyboard in Resources */ = {isa = PBXBuildFile; fileRef = EB83E0EE1CF3743100A07F51 /* LaunchScreen.storyboard */; };
		EB83E0F81CF374E000A07F51 /* ListViewController.swift in Sources */ = {isa = PBXBuildFile; fileRef = EB83E0F71CF374E000A07F51 /* ListViewController.swift */; };
		EBBBC73C1D008893001630E2 /* DetailViewController.swift in Sources */ = {isa = PBXBuildFile; fileRef = EBBBC73B1D008893001630E2 /* DetailViewController.swift */; };
/* End PBXBuildFile section */

/* Begin PBXFileReference section */
		EB802F5D1CFB451D00BF82DA /* Item.swift */ = {isa = PBXFileReference; fileEncoding = 4; lastKnownFileType = sourcecode.swift; name = Item.swift; path = ../Item.swift; sourceTree = "<group>"; };
		EB83E0E21CF3743100A07F51 /* NewsReader.app */ = {isa = PBXFileReference; explicitFileType = wrapper.application; includeInIndex = 0; path = NewsReader.app; sourceTree = BUILT_PRODUCTS_DIR; };
		EB83E0E51CF3743100A07F51 /* AppDelegate.swift */ = {isa = PBXFileReference; lastKnownFileType = sourcecode.swift; path = AppDelegate.swift; sourceTree = "<group>"; };
		EB83E0EA1CF3743100A07F51 /* Base */ = {isa = PBXFileReference; lastKnownFileType = file.storyboard; name = Base; path = Base.lproj/Main.storyboard; sourceTree = "<group>"; };
		EB83E0EC1CF3743100A07F51 /* Assets.xcassets */ = {isa = PBXFileReference; lastKnownFileType = folder.assetcatalog; path = Assets.xcassets; sourceTree = "<group>"; };
		EB83E0EF1CF3743100A07F51 /* Base */ = {isa = PBXFileReference; lastKnownFileType = file.storyboard; name = Base; path = Base.lproj/LaunchScreen.storyboard; sourceTree = "<group>"; };
		EB83E0F11CF3743100A07F51 /* Info.plist */ = {isa = PBXFileReference; lastKnownFileType = text.plist.xml; path = Info.plist; sourceTree = "<group>"; };
		EB83E0F71CF374E000A07F51 /* ListViewController.swift */ = {isa = PBXFileReference; fileEncoding = 4; lastKnownFileType = sourcecode.swift; path = ListViewController.swift; sourceTree = "<group>"; };
		EBBBC73B1D008893001630E2 /* DetailViewController.swift */ = {isa = PBXFileReference; fileEncoding = 4; lastKnownFileType = sourcecode.swift; path = DetailViewController.swift; sourceTree = "<group>"; };
/* End PBXFileReference section */

/* Begin PBXFrameworksBuildPhase section */
		EB83E0DF1CF3743100A07F51 /* Frameworks */ = {
			isa = PBXFrameworksBuildPhase;
			buildActionMask = 2147483647;
			files = (
			);
			runOnlyForDeploymentPostprocessing = 0;
		};
/* End PBXFrameworksBuildPhase section */

/* Begin PBXGroup section */
		EB83E0D91CF3743100A07F51 = {
			isa = PBXGroup;
			children = (
				EB83E0E41CF3743100A07F51 /* NewsReader */,
				EB83E0E31CF3743100A07F51 /* Products */,
			);
			sourceTree = "<group>";
		};
		EB83E0E31CF3743100A07F51 /* Products */ = {
			isa = PBXGroup;
			children = (
				EB83E0E21CF3743100A07F51 /* NewsReader.app */,
			);
			name = Products;
			sourceTree = "<group>";
		};
		EB83E0E41CF3743100A07F51 /* NewsReader */ = {
			isa = PBXGroup;
			children = (
				EB802F5D1CFB451D00BF82DA /* Item.swift */,
				EB83E0E51CF3743100A07F51 /* AppDelegate.swift */,
				EB83E0E91CF3743100A07F51 /* Main.storyboard */,
				EB83E0F71CF374E000A07F51 /* ListViewController.swift */,
				EBBBC73B1D008893001630E2 /* DetailViewController.swift */,
				EB83E0EC1CF3743100A07F51 /* Assets.xcassets */,
				EB83E0EE1CF3743100A07F51 /* LaunchScreen.storyboard */,
				EB83E0F11CF3743100A07F51 /* Info.plist */,
			);
			path = NewsReader;
			sourceTree = "<group>";
		};
/* End PBXGroup section */

/* Begin PBXNativeTarget section */
		EB83E0E11CF3743100A07F51 /* NewsReader */ = {
			isa = PBXNativeTarget;
			buildConfigurationList = EB83E0F41CF3743100A07F51 /* Build configuration list for PBXNativeTarget "NewsReader" */;
			buildPhases = (
				EB83E0DE1CF3743100A07F51 /* Sources */,
				EB83E0DF1CF3743100A07F51 /* Frameworks */,
				EB83E0E01CF3743100A07F51 /* Resources */,
			);
			buildRules = (
			);
			dependencies = (
			);
			name = NewsReader;
			productName = NewsReader;
			productReference = EB83E0E21CF3743100A07F51 /* NewsReader.app */;
			productType = "com.apple.product-type.application";
		};
/* End PBXNativeTarget section */

/* Begin PBXProject section */
		EB83E0DA1CF3743100A07F51 /* Project object */ = {
			isa = PBXProject;
			attributes = {
				LastSwiftUpdateCheck = 0730;
				LastUpgradeCheck = 0730;
				ORGANIZATIONNAME = charamel;
				TargetAttributes = {
					EB83E0E11CF3743100A07F51 = {
						CreatedOnToolsVersion = 7.3.1;
						DevelopmentTeam = Q8GX8982TK;
					};
				};
			};
			buildConfigurationList = EB83E0DD1CF3743100A07F51 /* Build configuration list for PBXProject "NewsReader" */;
			compatibilityVersion = "Xcode 3.2";
			developmentRegion = English;
			hasScannedForEncodings = 0;
			knownRegions = (
				en,
				Base,
			);
			mainGroup = EB83E0D91CF3743100A07F51;
			productRefGroup = EB83E0E31CF3743100A07F51 /* Products */;
			projectDirPath = "";
			projectRoot = "";
			targets = (
				EB83E0E11CF3743100A07F51 /* NewsReader */,
			);
		};
/* End PBXProject section */

/* Begin PBXResourcesBuildPhase section */
		EB83E0E01CF3743100A07F51 /* Resources */ = {
			isa = PBXResourcesBuildPhase;
			buildActionMask = 2147483647;
			files = (
				EB83E0F01CF3743100A07F51 /* LaunchScreen.storyboard in Resources */,
				EB83E0ED1CF3743100A07F51 /* Assets.xcassets in Resources */,
				EB83E0EB1CF3743100A07F51 /* Main.storyboard in Resources */,
			);
			runOnlyForDeploymentPostprocessing = 0;
		};
/* End PBXResourcesBuildPhase section */

/* Begin PBXSourcesBuildPhase section */
		EB83E0DE1CF3743100A07F51 /* Sources */ = {
			isa = PBXSourcesBuildPhase;
			buildActionMask = 2147483647;
			files = (
				EB83E0F81CF374E000A07F51 /* ListViewController.swift in Sources */,
				EB802F5E1CFB451D00BF82DA /* Item.swift in Sources */,
				EB83E0E61CF3743100A07F51 /* AppDelegate.swift in Sources */,
				EBBBC73C1D008893001630E2 /* DetailViewController.swift in Sources */,
			);
			runOnlyForDeploymentPostprocessing = 0;
		};
/* End PBXSourcesBuildPhase section */

/* Begin PBXVariantGroup section */
		EB83E0E91CF3743100A07F51 /* Main.storyboard */ = {
			isa = PBXVariantGroup;
			children = (
				EB83E0EA1CF3743100A07F51 /* Base */,
			);
			name = Main.storyboard;
			sourceTree = "<group>";
		};
		EB83E0EE1CF3743100A07F51 /* LaunchScreen.storyboard */ = {
			isa = PBXVariantGroup;
			children = (
				EB83E0EF1CF3743100A07F51 /* Base */,
			);
			name = LaunchScreen.storyboard;
			sourceTree = "<group>";
		};
/* End PBXVariantGroup section */

/* Begin XCBuildConfiguration section */
		EB83E0F21CF3743100A07F51 /* Debug */ = {
			isa = XCBuildConfiguration;
			buildSettings = {
				ALWAYS_SEARCH_USER_PATHS = NO;
				CLANG_ANALYZER_NONNULL = YES;
				CLANG_CXX_LANGUAGE_STANDARD = "gnu++0x";
				CLANG_CXX_LIBRARY = "libc++";
				CLANG_ENABLE_MODULES = YES;
				CLANG_ENABLE_OBJC_ARC = YES;
				CLANG_WARN_BOOL_CONVERSION = YES;
				CLANG_WARN_CONSTANT_CONVERSION = YES;
				CLANG_WARN_DIRECT_OBJC_ISA_USAGE = YES_ERROR;
				CLANG_WARN_EMPTY_BODY = YES;
				CLANG_WARN_ENUM_CONVERSION = YES;
				CLANG_WARN_INT_CONVERSION = YES;
				CLANG_WARN_OBJC_ROOT_CLASS = YES_ERROR;
				CLANG_WARN_UNREACHABLE_CODE = YES;
				CLANG_WARN__DUPLICATE_METHOD_MATCH = YES;
				"CODE_SIGN_IDENTITY[sdk=iphoneos*]" = "iPhone Developer";
				COPY_PHASE_STRIP = NO;
				DEBUG_INFORMATION_FORMAT = dwarf;
				ENABLE_STRICT_OBJC_MSGSEND = YES;
				ENABLE_TESTABILITY = YES;
				GCC_C_LANGUAGE_STANDARD = gnu99;
				GCC_DYNAMIC_NO_PIC = NO;
				GCC_NO_COMMON_BLOCKS = YES;
				GCC_OPTIMIZATION_LEVEL = 0;
				GCC_PREPROCESSOR_DEFINITIONS = (
					"DEBUG=1",
					"$(inherited)",
				);
				GCC_WARN_64_TO_32_BIT_CONVERSION = YES;
				GCC_WARN_ABOUT_RETURN_TYPE = YES_ERROR;
				GCC_WARN_UNDECLARED_SELECTOR = YES;
				GCC_WARN_UNINITIALIZED_AUTOS = YES_AGGRESSIVE;
				GCC_WARN_UNUSED_FUNCTION = YES;
				GCC_WARN_UNUSED_VARIABLE = YES;
				IPHONEOS_DEPLOYMENT_TARGET = 9.3;
				MTL_ENABLE_DEBUG_INFO = YES;
				ONLY_ACTIVE_ARCH = YES;
				SDKROOT = iphoneos;
				SWIFT_OPTIMIZATION_LEVEL = "-Onone";
				TARGETED_DEVICE_FAMILY = "1,2";
			};
			name = Debug;
		};
		EB83E0F31CF3743100A07F51 /* Release */ = {
			isa = XCBuildConfiguration;
			buildSettings = {
				ALWAYS_SEARCH_USER_PATHS = NO;
				CLANG_ANALYZER_NONNULL = YES;
				CLANG_CXX_LANGUAGE_STANDARD = "gnu++0x";
				CLANG_CXX_LIBRARY = "libc++";
				CLANG_ENABLE_MODULES = YES;
				CLANG_ENABLE_OBJC_ARC = YES;
				CLANG_WARN_BOOL_CONVERSION = YES;
				CLANG_WARN_CONSTANT_CONVERSION = YES;
				CLANG_WARN_DIRECT_OBJC_ISA_USAGE = YES_ERROR;
				CLANG_WARN_EMPTY_BODY = YES;
				CLANG_WARN_ENUM_CONVERSION = YES;
				CLANG_WARN_INT_CONVERSION = YES;
				CLANG_WARN_OBJC_ROOT_CLASS = YES_ERROR;
				CLANG_WARN_UNREACHABLE_CODE = YES;
				CLANG_WARN__DUPLICATE_METHOD_MATCH = YES;
				"CODE_SIGN_IDENTITY[sdk=iphoneos*]" = "iPhone Developer";
				COPY_PHASE_STRIP = NO;
				DEBUG_INFORMATION_FORMAT = "dwarf-with-dsym";
				ENABLE_NS_ASSERTIONS = NO;
				ENABLE_STRICT_OBJC_MSGSEND = YES;
				GCC_C_LANGUAGE_STANDARD = gnu99;
				GCC_NO_COMMON_BLOCKS = YES;
				GCC_WARN_64_TO_32_BIT_CONVERSION = YES;
				GCC_WARN_ABOUT_RETURN_TYPE = YES_ERROR;
				GCC_WARN_UNDECLARED_SELECTOR = YES;
				GCC_WARN_UNINITIALIZED_AUTOS = YES_AGGRESSIVE;
				GCC_WARN_UNUSED_FUNCTION = YES;
				GCC_WARN_UNUSED_VARIABLE = YES;
				IPHONEOS_DEPLOYMENT_TARGET = 9.3;
				MTL_ENABLE_DEBUG_INFO = NO;
				SDKROOT = iphoneos;
				TARGETED_DEVICE_FAMILY = "1,2";
				VALIDATE_PRODUCT = YES;
			};
			name = Release;
		};
		EB83E0F51CF3743100A07F51 /* Debug */ = {
			isa = XCBuildConfiguration;
			buildSettings = {
				ASSETCATALOG_COMPILER_APPICON_NAME = AppIcon;
				INFOPLIST_FILE = NewsReader/Info.plist;
				LD_RUNPATH_SEARCH_PATHS = "$(inherited) @executable_path/Frameworks";
				PRODUCT_BUNDLE_IDENTIFIER = com.charamel.NewsReader;
				PRODUCT_NAME = "$(TARGET_NAME)";
			};
			name = Debug;
		};
		EB83E0F61CF3743100A07F51 /* Release */ = {
			isa = XCBuildConfiguration;
			buildSettings = {
				ASSETCATALOG_COMPILER_APPICON_NAME = AppIcon;
				INFOPLIST_FILE = NewsReader/Info.plist;
				LD_RUNPATH_SEARCH_PATHS = "$(inherited) @executable_path/Frameworks";
				PRODUCT_BUNDLE_IDENTIFIER = com.charamel.NewsReader;
				PRODUCT_NAME = "$(TARGET_NAME)";
			};
			name = Release;
		};
/* End XCBuildConfiguration section */

/* Begin XCConfigurationList section */
		EB83E0DD1CF3743100A07F51 /* Build configuration list for PBXProject "NewsReader" */ = {
			isa = XCConfigurationList;
			buildConfigurations = (
				EB83E0F21CF3743100A07F51 /* Debug */,
				EB83E0F31CF3743100A07F51 /* Release */,
			);
			defaultConfigurationIsVisible = 0;
			defaultConfigurationName = Release;
		};
		EB83E0F41CF3743100A07F51 /* Build configuration list for PBXNativeTarget "NewsReader" */ = {
			isa = XCConfigurationList;
			buildConfigurations = (
				EB83E0F51CF3743100A07F51 /* Debug */,
				EB83E0F61CF3743100A07F51 /* Release */,
			);
			defaultConfigurationIsVisible = 0;
			defaultConfigurationName = Release;
		};
/* End XCConfigurationList section */
	};
	rootObject = EB83E0DA1CF3743100A07F51 /* Project object */;
}
